
Microsoft Visual Studio Solution File, Format Version 12.00
# Visual Studio Version 17
VisualStudioVersion = 17.14.36717.8 d17.14
MinimumVisualStudioVersion = 10.0.40219.1
Project("{888888A0-9F3D-457C-B088-3A5042F75D52}") = "AoC2025_Day4", "AoC2025_Day4\AoC2025_Day4.pyproj", "{30A4E1A5-015F-46A1-ADFE-5B1E8226579B}"
EndProject
Global
	GlobalSection(SolutionConfigurationPlatforms) = preSolution
		Debug|Any CPU = Debug|Any CPU
		Release|Any CPU = Release|Any CPU
	EndGlobalSection
	GlobalSection(ProjectConfigurationPlatforms) = postSolution
		{30A4E1A5-015F-46A1-ADFE-5B1E8226579B}.Debug|Any CPU.ActiveCfg = Debug|Any CPU
		{30A4E1A5-015F-46A1-ADFE-5B1E8226579B}.Release|Any CPU.ActiveCfg = Release|Any CPU
	EndGlobalSection
	GlobalSection(SolutionProperties) = preSolution
		HideSolutionNode = FALSE
	EndGlobalSection
	GlobalSection(ExtensibilityGlobals) = postSolution
		SolutionGuid = {B50B2192-1FE5-4E99-9BAF-0C65E9B1391F}
	EndGlobalSection
EndGlobal
