
Microsoft Visual Studio Solution File, Format Version 12.00
# Visual Studio Version 17
VisualStudioVersion = 17.14.36717.8 d17.14
MinimumVisualStudioVersion = 10.0.40219.1
Project("{888888A0-9F3D-457C-B088-3A5042F75D52}") = "AoC2025_Day3", "AoC2025_Day3\AoC2025_Day3.pyproj", "{8472C8DB-0B02-4116-9B86-B8FBA9114A1D}"
EndProject
Global
	GlobalSection(SolutionConfigurationPlatforms) = preSolution
		Debug|Any CPU = Debug|Any CPU
		Release|Any CPU = Release|Any CPU
	EndGlobalSection
	GlobalSection(ProjectConfigurationPlatforms) = postSolution
		{8472C8DB-0B02-4116-9B86-B8FBA9114A1D}.Debug|Any CPU.ActiveCfg = Debug|Any CPU
		{8472C8DB-0B02-4116-9B86-B8FBA9114A1D}.Release|Any CPU.ActiveCfg = Release|Any CPU
	EndGlobalSection
	GlobalSection(SolutionProperties) = preSolution
		HideSolutionNode = FALSE
	EndGlobalSection
	GlobalSection(ExtensibilityGlobals) = postSolution
		SolutionGuid = {B8C90D4E-FDF1-437F-BB99-BC3EB0191611}
	EndGlobalSection
EndGlobal
